// !$*UTF8*$!
{
	archiveVersion = 1;
	classes = {
	};
	objectVersion = 46;
	objects = {

/* Begin PBXBuildFile section */
		7A68BA344B23D4B73FDC5DFC /* libPods.a in Frameworks */ = {isa = PBXBuildFile; fileRef = F4D974407EF4BE3F40139CD1 /* libPods.a */; };
		A0714D0A1B84AF6300EE36D3 /* main.m in Sources */ = {isa = PBXBuildFile; fileRef = A0714D091B84AF6300EE36D3 /* main.m */; };
		A0714D0D1B84AF6300EE36D3 /* AppDelegate.m in Sources */ = {isa = PBXBuildFile; fileRef = A0714D0C1B84AF6300EE36D3 /* AppDelegate.m */; };
		A0714D151B84AF6300EE36D3 /* Images.xcassets in Resources */ = {isa = PBXBuildFile; fileRef = A0714D141B84AF6300EE36D3 /* Images.xcassets */; };
		A0714D181B84AF6300EE36D3 /* LaunchScreen.xib in Resources */ = {isa = PBXBuildFile; fileRef = A0714D161B84AF6300EE36D3 /* LaunchScreen.xib */; };
		A0714D241B84AF6400EE36D3 /* iOSSecurityTests.m in Sources */ = {isa = PBXBuildFile; fileRef = A0714D231B84AF6400EE36D3 /* iOSSecurityTests.m */; };
		A0714D351B84B0E400EE36D3 /* RSATestViewController.m in Sources */ = {isa = PBXBuildFile; fileRef = A0714D341B84B0E400EE36D3 /* RSATestViewController.m */; };
		A0714D381B84B1BF00EE36D3 /* RSA.m in Sources */ = {isa = PBXBuildFile; fileRef = A0714D371B84B1BF00EE36D3 /* RSA.m */; };
		A073DB261B85C1A300331E05 /* public_key.der in Resources */ = {isa = PBXBuildFile; fileRef = A073DB251B85C1A300331E05 /* public_key.der */; };
/* End PBXBuildFile section */

/* Begin PBXContainerItemProxy section */
		A0714D1E1B84AF6400EE36D3 /* PBXContainerItemProxy */ = {
			isa = PBXContainerItemProxy;
			containerPortal = A0714CFC1B84AF6300EE36D3 /* Project object */;
			proxyType = 1;
			remoteGlobalIDString = A0714D031B84AF6300EE36D3;
			remoteInfo = iOSSecurity;
		};
/* End PBXContainerItemProxy section */

/* Begin PBXFileReference section */
		40C4C13414AA1A13C410ED80 /* Pods.debug.xcconfig */ = {isa = PBXFileReference; includeInIndex = 1; lastKnownFileType = text.xcconfig; name = Pods.debug.xcconfig; path = "Pods/Target Support Files/Pods/Pods.debug.xcconfig"; sourceTree = "<group>"; };
		A0714D041B84AF6300EE36D3 /* iOSSecurity.app */ = {isa = PBXFileReference; explicitFileType = wrapper.application; includeInIndex = 0; path = iOSSecurity.app; sourceTree = BUILT_PRODUCTS_DIR; };
		A0714D081B84AF6300EE36D3 /* Info.plist */ = {isa = PBXFileReference; lastKnownFileType = text.plist.xml; path = Info.plist; sourceTree = "<group>"; };
		A0714D091B84AF6300EE36D3 /* main.m */ = {isa = PBXFileReference; lastKnownFileType = sourcecode.c.objc; path = main.m; sourceTree = "<group>"; };
		A0714D0B1B84AF6300EE36D3 /* AppDelegate.h */ = {isa = PBXFileReference; lastKnownFileType = sourcecode.c.h; path = AppDelegate.h; sourceTree = "<group>"; };
		A0714D0C1B84AF6300EE36D3 /* AppDelegate.m */ = {isa = PBXFileReference; lastKnownFileType = sourcecode.c.objc; path = AppDelegate.m; sourceTree = "<group>"; };
		A0714D141B84AF6300EE36D3 /* Images.xcassets */ = {isa = PBXFileReference; lastKnownFileType = folder.assetcatalog; path = Images.xcassets; sourceTree = "<group>"; };
		A0714D171B84AF6300EE36D3 /* Base */ = {isa = PBXFileReference; lastKnownFileType = file.xib; name = Base; path = Base.lproj/LaunchScreen.xib; sourceTree = "<group>"; };
		A0714D1D1B84AF6400EE36D3 /* iOSSecurityTests.xctest */ = {isa = PBXFileReference; explicitFileType = wrapper.cfbundle; includeInIndex = 0; path = iOSSecurityTests.xctest; sourceTree = BUILT_PRODUCTS_DIR; };
		A0714D221B84AF6400EE36D3 /* Info.plist */ = {isa = PBXFileReference; lastKnownFileType = text.plist.xml; path = Info.plist; sourceTree = "<group>"; };
		A0714D231B84AF6400EE36D3 /* iOSSecurityTests.m */ = {isa = PBXFileReference; lastKnownFileType = sourcecode.c.objc; path = iOSSecurityTests.m; sourceTree = "<group>"; };
		A0714D331B84B0E400EE36D3 /* RSATestViewController.h */ = {isa = PBXFileReference; fileEncoding = 4; lastKnownFileType = sourcecode.c.h; path = RSATestViewController.h; sourceTree = "<group>"; };
		A0714D341B84B0E400EE36D3 /* RSATestViewController.m */ = {isa = PBXFileReference; fileEncoding = 4; lastKnownFileType = sourcecode.c.objc; path = RSATestViewController.m; sourceTree = "<group>"; };
		A0714D361B84B1BF00EE36D3 /* RSA.h */ = {isa = PBXFileReference; fileEncoding = 4; lastKnownFileType = sourcecode.c.h; path = RSA.h; sourceTree = "<group>"; };
		A0714D371B84B1BF00EE36D3 /* RSA.m */ = {isa = PBXFileReference; fileEncoding = 4; lastKnownFileType = sourcecode.c.objc; path = RSA.m; sourceTree = "<group>"; };
		A073DB251B85C1A300331E05 /* public_key.der */ = {isa = PBXFileReference; lastKnownFileType = file; path = public_key.der; sourceTree = "<group>"; };
		B495D90B6B5FD6B07E05F17A /* Pods.release.xcconfig */ = {isa = PBXFileReference; includeInIndex = 1; lastKnownFileType = text.xcconfig; name = Pods.release.xcconfig; path = "Pods/Target Support Files/Pods/Pods.release.xcconfig"; sourceTree = "<group>"; };
		F4D974407EF4BE3F40139CD1 /* libPods.a */ = {isa = PBXFileReference; explicitFileType = archive.ar; includeInIndex = 0; path = libPods.a; sourceTree = BUILT_PRODUCTS_DIR; };
/* End PBXFileReference section */

/* Begin PBXFrameworksBuildPhase section */
		A0714D011B84AF6300EE36D3 /* Frameworks */ = {
			isa = PBXFrameworksBuildPhase;
			buildActionMask = 2147483647;
			files = (
				7A68BA344B23D4B73FDC5DFC /* libPods.a in Frameworks */,
			);
			runOnlyForDeploymentPostprocessing = 0;
		};
		A0714D1A1B84AF6400EE36D3 /* Frameworks */ = {
			isa = PBXFrameworksBuildPhase;
			buildActionMask = 2147483647;
			files = (
			);
			runOnlyForDeploymentPostprocessing = 0;
		};
/* End PBXFrameworksBuildPhase section */

/* Begin PBXGroup section */
		2A3D72F6DC986492AD7AEF3B /* Pods */ = {
			isa = PBXGroup;
			children = (
				40C4C13414AA1A13C410ED80 /* Pods.debug.xcconfig */,
				B495D90B6B5FD6B07E05F17A /* Pods.release.xcconfig */,
			);
			name = Pods;
			sourceTree = "<group>";
		};
		5FF32D4EC17D4FDC4539E331 /* Frameworks */ = {
			isa = PBXGroup;
			children = (
				F4D974407EF4BE3F40139CD1 /* libPods.a */,
			);
			name = Frameworks;
			sourceTree = "<group>";
		};
		A0714CFB1B84AF6300EE36D3 = {
			isa = PBXGroup;
			children = (
				A0714D061B84AF6300EE36D3 /* iOSSecurity */,
				A0714D201B84AF6400EE36D3 /* iOSSecurityTests */,
				A0714D051B84AF6300EE36D3 /* Products */,
				2A3D72F6DC986492AD7AEF3B /* Pods */,
				5FF32D4EC17D4FDC4539E331 /* Frameworks */,
			);
			sourceTree = "<group>";
		};
		A0714D051B84AF6300EE36D3 /* Products */ = {
			isa = PBXGroup;
			children = (
				A0714D041B84AF6300EE36D3 /* iOSSecurity.app */,
				A0714D1D1B84AF6400EE36D3 /* iOSSecurityTests.xctest */,
			);
			name = Products;
			sourceTree = "<group>";
		};
		A0714D061B84AF6300EE36D3 /* iOSSecurity */ = {
			isa = PBXGroup;
			children = (
				A0714D321B84B02600EE36D3 /* Resource */,
				A0714D2D1B84AFAD00EE36D3 /* RSA */,
				A0714D2E1B84AFAD00EE36D3 /* ViewControllers */,
				A0714D0B1B84AF6300EE36D3 /* AppDelegate.h */,
				A0714D0C1B84AF6300EE36D3 /* AppDelegate.m */,
				A0714D071B84AF6300EE36D3 /* Supporting Files */,
			);
			path = iOSSecurity;
			sourceTree = "<group>";
		};
		A0714D071B84AF6300EE36D3 /* Supporting Files */ = {
			isa = PBXGroup;
			children = (
				A0714D081B84AF6300EE36D3 /* Info.plist */,
				A0714D091B84AF6300EE36D3 /* main.m */,
			);
			name = "Supporting Files";
			sourceTree = "<group>";
		};
		A0714D201B84AF6400EE36D3 /* iOSSecurityTests */ = {
			isa = PBXGroup;
			children = (
				A0714D231B84AF6400EE36D3 /* iOSSecurityTests.m */,
				A0714D211B84AF6400EE36D3 /* Supporting Files */,
			);
			path = iOSSecurityTests;
			sourceTree = "<group>";
		};
		A0714D211B84AF6400EE36D3 /* Supporting Files */ = {
			isa = PBXGroup;
			children = (
				A0714D221B84AF6400EE36D3 /* Info.plist */,
			);
			name = "Supporting Files";
			sourceTree = "<group>";
		};
		A0714D2D1B84AFAD00EE36D3 /* RSA */ = {
			isa = PBXGroup;
			children = (
				A073DB251B85C1A300331E05 /* public_key.der */,
				A0714D361B84B1BF00EE36D3 /* RSA.h */,
				A0714D371B84B1BF00EE36D3 /* RSA.m */,
			);
			path = RSA;
			sourceTree = "<group>";
		};
		A0714D2E1B84AFAD00EE36D3 /* ViewControllers */ = {
			isa = PBXGroup;
			children = (
				A0714D331B84B0E400EE36D3 /* RSATestViewController.h */,
				A0714D341B84B0E400EE36D3 /* RSATestViewController.m */,
			);
			path = ViewControllers;
			sourceTree = "<group>";
		};
		A0714D321B84B02600EE36D3 /* Resource */ = {
			isa = PBXGroup;
			children = (
				A0714D141B84AF6300EE36D3 /* Images.xcassets */,
				A0714D161B84AF6300EE36D3 /* LaunchScreen.xib */,
			);
			name = Resource;
			sourceTree = "<group>";
		};
/* End PBXGroup section */

/* Begin PBXNativeTarget section */
		A0714D031B84AF6300EE36D3 /* iOSSecurity */ = {
			isa = PBXNativeTarget;
			buildConfigurationList = A0714D271B84AF6400EE36D3 /* Build configuration list for PBXNativeTarget "iOSSecurity" */;
			buildPhases = (
				853DE2300A691957A280AAF7 /* Check Pods Manifest.lock */,
				A0714D001B84AF6300EE36D3 /* Sources */,
				A0714D011B84AF6300EE36D3 /* Frameworks */,
				A0714D021B84AF6300EE36D3 /* Resources */,
				E4F77BA1345BF8889BDF1A99 /* Copy Pods Resources */,
			);
			buildRules = (
			);
			dependencies = (
			);
			name = iOSSecurity;
			productName = iOSSecurity;
			productReference = A0714D041B84AF6300EE36D3 /* iOSSecurity.app */;
			productType = "com.apple.product-type.application";
		};
		A0714D1C1B84AF6400EE36D3 /* iOSSecurityTests */ = {
			isa = PBXNativeTarget;
			buildConfigurationList = A0714D2A1B84AF6400EE36D3 /* Build configuration list for PBXNativeTarget "iOSSecurityTests" */;
			buildPhases = (
				A0714D191B84AF6400EE36D3 /* Sources */,
				A0714D1A1B84AF6400EE36D3 /* Frameworks */,
				A0714D1B1B84AF6400EE36D3 /* Resources */,
			);
			buildRules = (
			);
			dependencies = (
				A0714D1F1B84AF6400EE36D3 /* PBXTargetDependency */,
			);
			name = iOSSecurityTests;
			productName = iOSSecurityTests;
			productReference = A0714D1D1B84AF6400EE36D3 /* iOSSecurityTests.xctest */;
			productType = "com.apple.product-type.bundle.unit-test";
		};
/* End PBXNativeTarget section */

/* Begin PBXProject section */
		A0714CFC1B84AF6300EE36D3 /* Project object */ = {
			isa = PBXProject;
			attributes = {
				LastUpgradeCheck = 0640;
				ORGANIZATIONNAME = "吴湧霖";
				TargetAttributes = {
					A0714D031B84AF6300EE36D3 = {
						CreatedOnToolsVersion = 6.4;
					};
					A0714D1C1B84AF6400EE36D3 = {
						CreatedOnToolsVersion = 6.4;
						TestTargetID = A0714D031B84AF6300EE36D3;
					};
				};
			};
			buildConfigurationList = A0714CFF1B84AF6300EE36D3 /* Build configuration list for PBXProject "iOSSecurity" */;
			compatibilityVersion = "Xcode 3.2";
			developmentRegion = English;
			hasScannedForEncodings = 0;
			knownRegions = (
				en,
				Base,
			);
			mainGroup = A0714CFB1B84AF6300EE36D3;
			productRefGroup = A0714D051B84AF6300EE36D3 /* Products */;
			projectDirPath = "";
			projectRoot = "";
			targets = (
				A0714D031B84AF6300EE36D3 /* iOSSecurity */,
				A0714D1C1B84AF6400EE36D3 /* iOSSecurityTests */,
			);
		};
/* End PBXProject section */

/* Begin PBXResourcesBuildPhase section */
		A0714D021B84AF6300EE36D3 /* Resources */ = {
			isa = PBXResourcesBuildPhase;
			buildActionMask = 2147483647;
			files = (
				A0714D181B84AF6300EE36D3 /* LaunchScreen.xib in Resources */,
				A0714D151B84AF6300EE36D3 /* Images.xcassets in Resources */,
				A073DB261B85C1A300331E05 /* public_key.der in Resources */,
			);
			runOnlyForDeploymentPostprocessing = 0;
		};
		A0714D1B1B84AF6400EE36D3 /* Resources */ = {
			isa = PBXResourcesBuildPhase;
			buildActionMask = 2147483647;
			files = (
			);
			runOnlyForDeploymentPostprocessing = 0;
		};
/* End PBXResourcesBuildPhase section */

/* Begin PBXShellScriptBuildPhase section */
		853DE2300A691957A280AAF7 /* Check Pods Manifest.lock */ = {
			isa = PBXShellScriptBuildPhase;
			buildActionMask = 2147483647;
			files = (
			);
			inputPaths = (
			);
			name = "Check Pods Manifest.lock";
			outputPaths = (
			);
			runOnlyForDeploymentPostprocessing = 0;
			shellPath = /bin/sh;
			shellScript = "diff \"${PODS_ROOT}/../Podfile.lock\" \"${PODS_ROOT}/Manifest.lock\" > /dev/null\nif [[ $? != 0 ]] ; then\n    cat << EOM\nerror: The sandbox is not in sync with the Podfile.lock. Run 'pod install' or update your CocoaPods installation.\nEOM\n    exit 1\nfi\n";
			showEnvVarsInLog = 0;
		};
		E4F77BA1345BF8889BDF1A99 /* Copy Pods Resources */ = {
			isa = PBXShellScriptBuildPhase;
			buildActionMask = 2147483647;
			files = (
			);
			inputPaths = (
			);
			name = "Copy Pods Resources";
			outputPaths = (
			);
			runOnlyForDeploymentPostprocessing = 0;
			shellPath = /bin/sh;
			shellScript = "\"${SRCROOT}/Pods/Target Support Files/Pods/Pods-resources.sh\"\n";
			showEnvVarsInLog = 0;
		};
/* End PBXShellScriptBuildPhase section */

/* Begin PBXSourcesBuildPhase section */
		A0714D001B84AF6300EE36D3 /* Sources */ = {
			isa = PBXSourcesBuildPhase;
			buildActionMask = 2147483647;
			files = (
				A0714D0D1B84AF6300EE36D3 /* AppDelegate.m in Sources */,
				A0714D0A1B84AF6300EE36D3 /* main.m in Sources */,
				A0714D381B84B1BF00EE36D3 /* RSA.m in Sources */,
				A0714D351B84B0E400EE36D3 /* RSATestViewController.m in Sources */,
			);
			runOnlyForDeploymentPostprocessing = 0;
		};
		A0714D191B84AF6400EE36D3 /* Sources */ = {
			isa = PBXSourcesBuildPhase;
			buildActionMask = 2147483647;
			files = (
				A0714D241B84AF6400EE36D3 /* iOSSecurityTests.m in Sources */,
			);
			runOnlyForDeploymentPostprocessing = 0;
		};
/* End PBXSourcesBuildPhase section */

/* Begin PBXTargetDependency section */
		A0714D1F1B84AF6400EE36D3 /* PBXTargetDependency */ = {
			isa = PBXTargetDependency;
			target = A0714D031B84AF6300EE36D3 /* iOSSecurity */;
			targetProxy = A0714D1E1B84AF6400EE36D3 /* PBXContainerItemProxy */;
		};
/* End PBXTargetDependency section */

/* Begin PBXVariantGroup section */
		A0714D161B84AF6300EE36D3 /* LaunchScreen.xib */ = {
			isa = PBXVariantGroup;
			children = (
				A0714D171B84AF6300EE36D3 /* Base */,
			);
			name = LaunchScreen.xib;
			sourceTree = "<group>";
		};
/* End PBXVariantGroup section */

/* Begin XCBuildConfiguration section */
		A0714D251B84AF6400EE36D3 /* Debug */ = {
			isa = XCBuildConfiguration;
			buildSettings = {
				ALWAYS_SEARCH_USER_PATHS = NO;
				CLANG_CXX_LANGUAGE_STANDARD = "gnu++0x";
				CLANG_CXX_LIBRARY = "libc++";
				CLANG_ENABLE_MODULES = YES;
				CLANG_ENABLE_OBJC_ARC = YES;
				CLANG_WARN_BOOL_CONVERSION = YES;
				CLANG_WARN_CONSTANT_CONVERSION = YES;
				CLANG_WARN_DIRECT_OBJC_ISA_USAGE = YES_ERROR;
				CLANG_WARN_EMPTY_BODY = YES;
				CLANG_WARN_ENUM_CONVERSION = YES;
				CLANG_WARN_INT_CONVERSION = YES;
				CLANG_WARN_OBJC_ROOT_CLASS = YES_ERROR;
				CLANG_WARN_UNREACHABLE_CODE = YES;
				CLANG_WARN__DUPLICATE_METHOD_MATCH = YES;
				"CODE_SIGN_IDENTITY[sdk=iphoneos*]" = "iPhone Developer";
				COPY_PHASE_STRIP = NO;
				DEBUG_INFORMATION_FORMAT = "dwarf-with-dsym";
				ENABLE_STRICT_OBJC_MSGSEND = YES;
				GCC_C_LANGUAGE_STANDARD = gnu99;
				GCC_DYNAMIC_NO_PIC = NO;
				GCC_NO_COMMON_BLOCKS = YES;
				GCC_OPTIMIZATION_LEVEL = 0;
				GCC_PREPROCESSOR_DEFINITIONS = (
					"DEBUG=1",
					"$(inherited)",
				);
				GCC_SYMBOLS_PRIVATE_EXTERN = NO;
				GCC_WARN_64_TO_32_BIT_CONVERSION = YES;
				GCC_WARN_ABOUT_RETURN_TYPE = YES_ERROR;
				GCC_WARN_UNDECLARED_SELECTOR = YES;
				GCC_WARN_UNINITIALIZED_AUTOS = YES_AGGRESSIVE;
				GCC_WARN_UNUSED_FUNCTION = YES;
				GCC_WARN_UNUSED_VARIABLE = YES;
				IPHONEOS_DEPLOYMENT_TARGET = 8.4;
				MTL_ENABLE_DEBUG_INFO = YES;
				ONLY_ACTIVE_ARCH = YES;
				SDKROOT = iphoneos;
			};
			name = Debug;
		};
		A0714D261B84AF6400EE36D3 /* Release */ = {
			isa = XCBuildConfiguration;
			buildSettings = {
				ALWAYS_SEARCH_USER_PATHS = NO;
				CLANG_CXX_LANGUAGE_STANDARD = "gnu++0x";
				CLANG_CXX_LIBRARY = "libc++";
				CLANG_ENABLE_MODULES = YES;
				CLANG_ENABLE_OBJC_ARC = YES;
				CLANG_WARN_BOOL_CONVERSION = YES;
				CLANG_WARN_CONSTANT_CONVERSION = YES;
				CLANG_WARN_DIRECT_OBJC_ISA_USAGE = YES_ERROR;
				CLANG_WARN_EMPTY_BODY = YES;
				CLANG_WARN_ENUM_CONVERSION = YES;
				CLANG_WARN_INT_CONVERSION = YES;
				CLANG_WARN_OBJC_ROOT_CLASS = YES_ERROR;
				CLANG_WARN_UNREACHABLE_CODE = YES;
				CLANG_WARN__DUPLICATE_METHOD_MATCH = YES;
				"CODE_SIGN_IDENTITY[sdk=iphoneos*]" = "iPhone Developer";
				COPY_PHASE_STRIP = NO;
				DEBUG_INFORMATION_FORMAT = "dwarf-with-dsym";
				ENABLE_NS_ASSERTIONS = NO;
				ENABLE_STRICT_OBJC_MSGSEND = YES;
				GCC_C_LANGUAGE_STANDARD = gnu99;
				GCC_NO_COMMON_BLOCKS = YES;
				GCC_WARN_64_TO_32_BIT_CONVERSION = YES;
				GCC_WARN_ABOUT_RETURN_TYPE = YES_ERROR;
				GCC_WARN_UNDECLARED_SELECTOR = YES;
				GCC_WARN_UNINITIALIZED_AUTOS = YES_AGGRESSIVE;
				GCC_WARN_UNUSED_FUNCTION = YES;
				GCC_WARN_UNUSED_VARIABLE = YES;
				IPHONEOS_DEPLOYMENT_TARGET = 8.4;
				MTL_ENABLE_DEBUG_INFO = NO;
				SDKROOT = iphoneos;
				VALIDATE_PRODUCT = YES;
			};
			name = Release;
		};
		A0714D281B84AF6400EE36D3 /* Debug */ = {
			isa = XCBuildConfiguration;
			baseConfigurationReference = 40C4C13414AA1A13C410ED80 /* Pods.debug.xcconfig */;
			buildSettings = {
				ASSETCATALOG_COMPILER_APPICON_NAME = AppIcon;
				INFOPLIST_FILE = iOSSecurity/Info.plist;
				LD_RUNPATH_SEARCH_PATHS = "$(inherited) @executable_path/Frameworks";
				PRODUCT_NAME = "$(TARGET_NAME)";
			};
			name = Debug;
		};
		A0714D291B84AF6400EE36D3 /* Release */ = {
			isa = XCBuildConfiguration;
			baseConfigurationReference = B495D90B6B5FD6B07E05F17A /* Pods.release.xcconfig */;
			buildSettings = {
				ASSETCATALOG_COMPILER_APPICON_NAME = AppIcon;
				INFOPLIST_FILE = iOSSecurity/Info.plist;
				LD_RUNPATH_SEARCH_PATHS = "$(inherited) @executable_path/Frameworks";
				PRODUCT_NAME = "$(TARGET_NAME)";
			};
			name = Release;
		};
		A0714D2B1B84AF6400EE36D3 /* Debug */ = {
			isa = XCBuildConfiguration;
			buildSettings = {
				BUNDLE_LOADER = "$(TEST_HOST)";
				FRAMEWORK_SEARCH_PATHS = (
					"$(SDKROOT)/Developer/Library/Frameworks",
					"$(inherited)",
				);
				GCC_PREPROCESSOR_DEFINITIONS = (
					"DEBUG=1",
					"$(inherited)",
				);
				INFOPLIST_FILE = iOSSecurityTests/Info.plist;
				LD_RUNPATH_SEARCH_PATHS = "$(inherited) @executable_path/Frameworks @loader_path/Frameworks";
				PRODUCT_NAME = "$(TARGET_NAME)";
				TEST_HOST = "$(BUILT_PRODUCTS_DIR)/iOSSecurity.app/iOSSecurity";
			};
			name = Debug;
		};
		A0714D2C1B84AF6400EE36D3 /* Release */ = {
			isa = XCBuildConfiguration;
			buildSettings = {
				BUNDLE_LOADER = "$(TEST_HOST)";
				FRAMEWORK_SEARCH_PATHS = (
					"$(SDKROOT)/Developer/Library/Frameworks",
					"$(inherited)",
				);
				INFOPLIST_FILE = iOSSecurityTests/Info.plist;
				LD_RUNPATH_SEARCH_PATHS = "$(inherited) @executable_path/Frameworks @loader_path/Frameworks";
				PRODUCT_NAME = "$(TARGET_NAME)";
				TEST_HOST = "$(BUILT_PRODUCTS_DIR)/iOSSecurity.app/iOSSecurity";
			};
			name = Release;
		};
/* End XCBuildConfiguration section */

/* Begin XCConfigurationList section */
		A0714CFF1B84AF6300EE36D3 /* Build configuration list for PBXProject "iOSSecurity" */ = {
			isa = XCConfigurationList;
			buildConfigurations = (
				A0714D251B84AF6400EE36D3 /* Debug */,
				A0714D261B84AF6400EE36D3 /* Release */,
			);
			defaultConfigurationIsVisible = 0;
			defaultConfigurationName = Release;
		};
		A0714D271B84AF6400EE36D3 /* Build configuration list for PBXNativeTarget "iOSSecurity" */ = {
			isa = XCConfigurationList;
			buildConfigurations = (
				A0714D281B84AF6400EE36D3 /* Debug */,
				A0714D291B84AF6400EE36D3 /* Release */,
			);
			defaultConfigurationIsVisible = 0;
			defaultConfigurationName = Release;
		};
		A0714D2A1B84AF6400EE36D3 /* Build configuration list for PBXNativeTarget "iOSSecurityTests" */ = {
			isa = XCConfigurationList;
			buildConfigurations = (
				A0714D2B1B84AF6400EE36D3 /* Debug */,
				A0714D2C1B84AF6400EE36D3 /* Release */,
			);
			defaultConfigurationIsVisible = 0;
			defaultConfigurationName = Release;
		};
/* End XCConfigurationList section */
	};
	rootObject = A0714CFC1B84AF6300EE36D3 /* Project object */;
}
